// !$*UTF8*$!
{
	archiveVersion = 1;
	classes = {
	};
	objectVersion = 56;
	objects = {

/* Begin PBXBuildFile section */
		6357CD5B2C44BBDC00522206 /* BoxForm.swift in Sources */ = {isa = PBXBuildFile; fileRef = 6357CD5A2C44BBDC00522206 /* BoxForm.swift */; };
		635874242C43F83600BECF4C /* LoginView.swift in Sources */ = {isa = PBXBuildFile; fileRef = 635874232C43F83600BECF4C /* LoginView.swift */; };
		635874262C44664300BECF4C /* RegisterView.swift in Sources */ = {isa = PBXBuildFile; fileRef = 635874252C44664300BECF4C /* RegisterView.swift */; };
		635874292C44687900BECF4C /* AuthModifiers.swift in Sources */ = {isa = PBXBuildFile; fileRef = 635874282C44687900BECF4C /* AuthModifiers.swift */; };
		6358742B2C4472A300BECF4C /* ContenView.swift in Sources */ = {isa = PBXBuildFile; fileRef = 6358742A2C4472A300BECF4C /* ContenView.swift */; };
		6358742D2C44733100BECF4C /* RegisterView-ViewModel.swift in Sources */ = {isa = PBXBuildFile; fileRef = 6358742C2C44733100BECF4C /* RegisterView-ViewModel.swift */; };
		6358742F2C44757400BECF4C /* LoginView-ViewModel.swift in Sources */ = {isa = PBXBuildFile; fileRef = 6358742E2C44757400BECF4C /* LoginView-ViewModel.swift */; };
		635874362C44904D00BECF4C /* BoxForm-ViewModel.swift in Sources */ = {isa = PBXBuildFile; fileRef = 635874352C44904D00BECF4C /* BoxForm-ViewModel.swift */; };
		635874382C44939200BECF4C /* UpdateBoxView.swift in Sources */ = {isa = PBXBuildFile; fileRef = 635874372C44939200BECF4C /* UpdateBoxView.swift */; };
		638118352C38C183007DC4DC /* MemoryBoxApp.swift in Sources */ = {isa = PBXBuildFile; fileRef = 638118342C38C183007DC4DC /* MemoryBoxApp.swift */; };
		638118392C38C185007DC4DC /* Assets.xcassets in Resources */ = {isa = PBXBuildFile; fileRef = 638118382C38C185007DC4DC /* Assets.xcassets */; };
		6381183C2C38C185007DC4DC /* Preview Assets.xcassets in Resources */ = {isa = PBXBuildFile; fileRef = 6381183B2C38C185007DC4DC /* Preview Assets.xcassets */; };
		638118432C38C1D1007DC4DC /* BoxView.swift in Sources */ = {isa = PBXBuildFile; fileRef = 638118422C38C1D1007DC4DC /* BoxView.swift */; };
		638118452C397D34007DC4DC /* Box.swift in Sources */ = {isa = PBXBuildFile; fileRef = 638118442C397D34007DC4DC /* Box.swift */; };
		638118472C397D81007DC4DC /* Post.swift in Sources */ = {isa = PBXBuildFile; fileRef = 638118462C397D81007DC4DC /* Post.swift */; };
		638118492C397D87007DC4DC /* User.swift in Sources */ = {isa = PBXBuildFile; fileRef = 638118482C397D87007DC4DC /* User.swift */; };
		6381184C2C397FE0007DC4DC /* test.swift in Sources */ = {isa = PBXBuildFile; fileRef = 6381184B2C397FE0007DC4DC /* test.swift */; };
		6381184E2C3A0F97007DC4DC /* HomeView.swift in Sources */ = {isa = PBXBuildFile; fileRef = 6381184D2C3A0F97007DC4DC /* HomeView.swift */; };
		638118522C3AC533007DC4DC /* BoxDetailView.swift in Sources */ = {isa = PBXBuildFile; fileRef = 638118512C3AC533007DC4DC /* BoxDetailView.swift */; };
		638118582C3B1B47007DC4DC /* PostCell.swift in Sources */ = {isa = PBXBuildFile; fileRef = 638118572C3B1B47007DC4DC /* PostCell.swift */; };
		6381185A2C3C2D01007DC4DC /* ImageGridView.swift in Sources */ = {isa = PBXBuildFile; fileRef = 638118592C3C2D01007DC4DC /* ImageGridView.swift */; };
		6381185C2C3F449A007DC4DC /* CustomAsyncImageView.swift in Sources */ = {isa = PBXBuildFile; fileRef = 6381185B2C3F449A007DC4DC /* CustomAsyncImageView.swift */; };
		6381185E2C3F5977007DC4DC /* CollaboratorsView.swift in Sources */ = {isa = PBXBuildFile; fileRef = 6381185D2C3F5977007DC4DC /* CollaboratorsView.swift */; };
		638118612C3F5D20007DC4DC /* AddBoxView.swift in Sources */ = {isa = PBXBuildFile; fileRef = 638118602C3F5D20007DC4DC /* AddBoxView.swift */; };
/* End PBXBuildFile section */

/* Begin PBXFileReference section */
		6357CD5A2C44BBDC00522206 /* BoxForm.swift */ = {isa = PBXFileReference; lastKnownFileType = sourcecode.swift; path = BoxForm.swift; sourceTree = "<group>"; };
		635874232C43F83600BECF4C /* LoginView.swift */ = {isa = PBXFileReference; lastKnownFileType = sourcecode.swift; path = LoginView.swift; sourceTree = "<group>"; };
		635874252C44664300BECF4C /* RegisterView.swift */ = {isa = PBXFileReference; lastKnownFileType = sourcecode.swift; path = RegisterView.swift; sourceTree = "<group>"; };
		635874282C44687900BECF4C /* AuthModifiers.swift */ = {isa = PBXFileReference; lastKnownFileType = sourcecode.swift; path = AuthModifiers.swift; sourceTree = "<group>"; };
		6358742A2C4472A300BECF4C /* ContenView.swift */ = {isa = PBXFileReference; lastKnownFileType = sourcecode.swift; path = ContenView.swift; sourceTree = "<group>"; };
		6358742C2C44733100BECF4C /* RegisterView-ViewModel.swift */ = {isa = PBXFileReference; lastKnownFileType = sourcecode.swift; path = "RegisterView-ViewModel.swift"; sourceTree = "<group>"; };
		6358742E2C44757400BECF4C /* LoginView-ViewModel.swift */ = {isa = PBXFileReference; lastKnownFileType = sourcecode.swift; path = "LoginView-ViewModel.swift"; sourceTree = "<group>"; };
		635874352C44904D00BECF4C /* BoxForm-ViewModel.swift */ = {isa = PBXFileReference; lastKnownFileType = sourcecode.swift; path = "BoxForm-ViewModel.swift"; sourceTree = "<group>"; };
		635874372C44939200BECF4C /* UpdateBoxView.swift */ = {isa = PBXFileReference; lastKnownFileType = sourcecode.swift; path = UpdateBoxView.swift; sourceTree = "<group>"; };
		638118312C38C183007DC4DC /* MemoryBox.app */ = {isa = PBXFileReference; explicitFileType = wrapper.application; includeInIndex = 0; path = MemoryBox.app; sourceTree = BUILT_PRODUCTS_DIR; };
		638118342C38C183007DC4DC /* MemoryBoxApp.swift */ = {isa = PBXFileReference; lastKnownFileType = sourcecode.swift; path = MemoryBoxApp.swift; sourceTree = "<group>"; };
		638118382C38C185007DC4DC /* Assets.xcassets */ = {isa = PBXFileReference; lastKnownFileType = folder.assetcatalog; path = Assets.xcassets; sourceTree = "<group>"; };
		6381183B2C38C185007DC4DC /* Preview Assets.xcassets */ = {isa = PBXFileReference; lastKnownFileType = folder.assetcatalog; path = "Preview Assets.xcassets"; sourceTree = "<group>"; };
		638118422C38C1D1007DC4DC /* BoxView.swift */ = {isa = PBXFileReference; lastKnownFileType = sourcecode.swift; path = BoxView.swift; sourceTree = "<group>"; };
		638118442C397D34007DC4DC /* Box.swift */ = {isa = PBXFileReference; lastKnownFileType = sourcecode.swift; path = Box.swift; sourceTree = "<group>"; };
		638118462C397D81007DC4DC /* Post.swift */ = {isa = PBXFileReference; lastKnownFileType = sourcecode.swift; path = Post.swift; sourceTree = "<group>"; };
		638118482C397D87007DC4DC /* User.swift */ = {isa = PBXFileReference; lastKnownFileType = sourcecode.swift; path = User.swift; sourceTree = "<group>"; };
		6381184B2C397FE0007DC4DC /* test.swift */ = {isa = PBXFileReference; lastKnownFileType = sourcecode.swift; path = test.swift; sourceTree = "<group>"; };
		6381184D2C3A0F97007DC4DC /* HomeView.swift */ = {isa = PBXFileReference; lastKnownFileType = sourcecode.swift; path = HomeView.swift; sourceTree = "<group>"; };
		638118512C3AC533007DC4DC /* BoxDetailView.swift */ = {isa = PBXFileReference; lastKnownFileType = sourcecode.swift; path = BoxDetailView.swift; sourceTree = "<group>"; };
		638118572C3B1B47007DC4DC /* PostCell.swift */ = {isa = PBXFileReference; lastKnownFileType = sourcecode.swift; path = PostCell.swift; sourceTree = "<group>"; };
		638118592C3C2D01007DC4DC /* ImageGridView.swift */ = {isa = PBXFileReference; lastKnownFileType = sourcecode.swift; path = ImageGridView.swift; sourceTree = "<group>"; };
		6381185B2C3F449A007DC4DC /* CustomAsyncImageView.swift */ = {isa = PBXFileReference; lastKnownFileType = sourcecode.swift; path = CustomAsyncImageView.swift; sourceTree = "<group>"; };
		6381185D2C3F5977007DC4DC /* CollaboratorsView.swift */ = {isa = PBXFileReference; lastKnownFileType = sourcecode.swift; path = CollaboratorsView.swift; sourceTree = "<group>"; };
		638118602C3F5D20007DC4DC /* AddBoxView.swift */ = {isa = PBXFileReference; lastKnownFileType = sourcecode.swift; path = AddBoxView.swift; sourceTree = "<group>"; };
/* End PBXFileReference section */

/* Begin PBXFrameworksBuildPhase section */
		6381182E2C38C183007DC4DC /* Frameworks */ = {
			isa = PBXFrameworksBuildPhase;
			buildActionMask = 2147483647;
			files = (
			);
			runOnlyForDeploymentPostprocessing = 0;
		};
/* End PBXFrameworksBuildPhase section */

/* Begin PBXGroup section */
		635874222C43F82300BECF4C /* Auth */ = {
			isa = PBXGroup;
			children = (
				635874232C43F83600BECF4C /* LoginView.swift */,
				635874252C44664300BECF4C /* RegisterView.swift */,
				6358742C2C44733100BECF4C /* RegisterView-ViewModel.swift */,
				6358742E2C44757400BECF4C /* LoginView-ViewModel.swift */,
			);
			path = Auth;
			sourceTree = "<group>";
		};
		635874272C44682E00BECF4C /* Utils */ = {
			isa = PBXGroup;
			children = (
				635874282C44687900BECF4C /* AuthModifiers.swift */,
			);
			path = Utils;
			sourceTree = "<group>";
		};
		635874302C44865B00BECF4C /* Box */ = {
			isa = PBXGroup;
			children = (
				638118602C3F5D20007DC4DC /* AddBoxView.swift */,
				635874372C44939200BECF4C /* UpdateBoxView.swift */,
				635874352C44904D00BECF4C /* BoxForm-ViewModel.swift */,
				6357CD5A2C44BBDC00522206 /* BoxForm.swift */,
			);
			path = Box;
			sourceTree = "<group>";
		};
		638118282C38C183007DC4DC = {
			isa = PBXGroup;
			children = (
				638118332C38C183007DC4DC /* MemoryBox */,
				638118322C38C183007DC4DC /* Products */,
			);
			sourceTree = "<group>";
		};
		638118322C38C183007DC4DC /* Products */ = {
			isa = PBXGroup;
			children = (
				638118312C38C183007DC4DC /* MemoryBox.app */,
			);
			name = Products;
			sourceTree = "<group>";
		};
		638118332C38C183007DC4DC /* MemoryBox */ = {
			isa = PBXGroup;
			children = (
				6381184A2C397D93007DC4DC /* Model */,
				638118532C3AC548007DC4DC /* View */,
				638118342C38C183007DC4DC /* MemoryBoxApp.swift */,
				6358742A2C4472A300BECF4C /* ContenView.swift */,
				638118382C38C185007DC4DC /* Assets.xcassets */,
				6381183A2C38C185007DC4DC /* Preview Content */,
				6381184B2C397FE0007DC4DC /* test.swift */,
			);
			path = MemoryBox;
			sourceTree = "<group>";
		};
		6381183A2C38C185007DC4DC /* Preview Content */ = {
			isa = PBXGroup;
			children = (
				6381183B2C38C185007DC4DC /* Preview Assets.xcassets */,
			);
			path = "Preview Content";
			sourceTree = "<group>";
		};
		6381184A2C397D93007DC4DC /* Model */ = {
			isa = PBXGroup;
			children = (
				638118482C397D87007DC4DC /* User.swift */,
				638118442C397D34007DC4DC /* Box.swift */,
				638118462C397D81007DC4DC /* Post.swift */,
			);
			path = Model;
			sourceTree = "<group>";
		};
		638118532C3AC548007DC4DC /* View */ = {
			isa = PBXGroup;
			children = (
				635874222C43F82300BECF4C /* Auth */,
				638118542C3AC791007DC4DC /* Home */,
				635874302C44865B00BECF4C /* Box */,
				638118562C3AC7C6007DC4DC /* PostList */,
				638118552C3AC7A0007DC4DC /* View */,
				635874272C44682E00BECF4C /* Utils */,
			);
			path = View;
			sourceTree = "<group>";
		};
		638118542C3AC791007DC4DC /* Home */ = {
			isa = PBXGroup;
			children = (
				6381184D2C3A0F97007DC4DC /* HomeView.swift */,
				638118422C38C1D1007DC4DC /* BoxView.swift */,
				6381185D2C3F5977007DC4DC /* CollaboratorsView.swift */,
			);
			path = Home;
			sourceTree = "<group>";
		};
		638118552C3AC7A0007DC4DC /* View */ = {
			isa = PBXGroup;
			children = (
			);
			path = View;
			sourceTree = "<group>";
		};
		638118562C3AC7C6007DC4DC /* PostList */ = {
			isa = PBXGroup;
			children = (
				638118512C3AC533007DC4DC /* BoxDetailView.swift */,
				638118572C3B1B47007DC4DC /* PostCell.swift */,
				638118592C3C2D01007DC4DC /* ImageGridView.swift */,
				6381185B2C3F449A007DC4DC /* CustomAsyncImageView.swift */,
			);
			path = PostList;
			sourceTree = "<group>";
		};
/* End PBXGroup section */

/* Begin PBXNativeTarget section */
		638118302C38C183007DC4DC /* MemoryBox */ = {
			isa = PBXNativeTarget;
			buildConfigurationList = 6381183F2C38C185007DC4DC /* Build configuration list for PBXNativeTarget "MemoryBox" */;
			buildPhases = (
				6381182D2C38C183007DC4DC /* Sources */,
				6381182E2C38C183007DC4DC /* Frameworks */,
				6381182F2C38C183007DC4DC /* Resources */,
			);
			buildRules = (
			);
			dependencies = (
			);
			name = MemoryBox;
			productName = MemoryBox;
			productReference = 638118312C38C183007DC4DC /* MemoryBox.app */;
			productType = "com.apple.product-type.application";
		};
/* End PBXNativeTarget section */

/* Begin PBXProject section */
		638118292C38C183007DC4DC /* Project object */ = {
			isa = PBXProject;
			attributes = {
				BuildIndependentTargetsInParallel = 1;
				LastSwiftUpdateCheck = 1540;
				LastUpgradeCheck = 1540;
				TargetAttributes = {
					638118302C38C183007DC4DC = {
						CreatedOnToolsVersion = 15.4;
					};
				};
			};
			buildConfigurationList = 6381182C2C38C183007DC4DC /* Build configuration list for PBXProject "MemoryBox" */;
			compatibilityVersion = "Xcode 14.0";
			developmentRegion = en;
			hasScannedForEncodings = 0;
			knownRegions = (
				en,
				Base,
			);
			mainGroup = 638118282C38C183007DC4DC;
			productRefGroup = 638118322C38C183007DC4DC /* Products */;
			projectDirPath = "";
			projectRoot = "";
			targets = (
				638118302C38C183007DC4DC /* MemoryBox */,
			);
		};
/* End PBXProject section */

/* Begin PBXResourcesBuildPhase section */
		6381182F2C38C183007DC4DC /* Resources */ = {
			isa = PBXResourcesBuildPhase;
			buildActionMask = 2147483647;
			files = (
				6381183C2C38C185007DC4DC /* Preview Assets.xcassets in Resources */,
				638118392C38C185007DC4DC /* Assets.xcassets in Resources */,
			);
			runOnlyForDeploymentPostprocessing = 0;
		};
/* End PBXResourcesBuildPhase section */

/* Begin PBXSourcesBuildPhase section */
		6381182D2C38C183007DC4DC /* Sources */ = {
			isa = PBXSourcesBuildPhase;
			buildActionMask = 2147483647;
			files = (
				638118452C397D34007DC4DC /* Box.swift in Sources */,
				638118492C397D87007DC4DC /* User.swift in Sources */,
				635874362C44904D00BECF4C /* BoxForm-ViewModel.swift in Sources */,
				638118352C38C183007DC4DC /* MemoryBoxApp.swift in Sources */,
				6358742B2C4472A300BECF4C /* ContenView.swift in Sources */,
				635874242C43F83600BECF4C /* LoginView.swift in Sources */,
				6358742F2C44757400BECF4C /* LoginView-ViewModel.swift in Sources */,
				6358742D2C44733100BECF4C /* RegisterView-ViewModel.swift in Sources */,
				6381185C2C3F449A007DC4DC /* CustomAsyncImageView.swift in Sources */,
				638118432C38C1D1007DC4DC /* BoxView.swift in Sources */,
				638118522C3AC533007DC4DC /* BoxDetailView.swift in Sources */,
				6381184E2C3A0F97007DC4DC /* HomeView.swift in Sources */,
				638118612C3F5D20007DC4DC /* AddBoxView.swift in Sources */,
				6357CD5B2C44BBDC00522206 /* BoxForm.swift in Sources */,
				6381185A2C3C2D01007DC4DC /* ImageGridView.swift in Sources */,
				638118472C397D81007DC4DC /* Post.swift in Sources */,
				6381184C2C397FE0007DC4DC /* test.swift in Sources */,
				635874262C44664300BECF4C /* RegisterView.swift in Sources */,
				635874292C44687900BECF4C /* AuthModifiers.swift in Sources */,
				635874382C44939200BECF4C /* UpdateBoxView.swift in Sources */,
				638118582C3B1B47007DC4DC /* PostCell.swift in Sources */,
				6381185E2C3F5977007DC4DC /* CollaboratorsView.swift in Sources */,
			);
			runOnlyForDeploymentPostprocessing = 0;
		};
/* End PBXSourcesBuildPhase section */

/* Begin XCBuildConfiguration section */
		6381183D2C38C185007DC4DC /* Debug */ = {
			isa = XCBuildConfiguration;
			buildSettings = {
				ALWAYS_SEARCH_USER_PATHS = NO;
				ASSETCATALOG_COMPILER_GENERATE_SWIFT_ASSET_SYMBOL_EXTENSIONS = YES;
				CLANG_ANALYZER_NONNULL = YES;
				CLANG_ANALYZER_NUMBER_OBJECT_CONVERSION = YES_AGGRESSIVE;
				CLANG_CXX_LANGUAGE_STANDARD = "gnu++20";
				CLANG_ENABLE_MODULES = YES;
				CLANG_ENABLE_OBJC_ARC = YES;
				CLANG_ENABLE_OBJC_WEAK = YES;
				CLANG_WARN_BLOCK_CAPTURE_AUTORELEASING = YES;
				CLANG_WARN_BOOL_CONVERSION = YES;
				CLANG_WARN_COMMA = YES;
				CLANG_WARN_CONSTANT_CONVERSION = YES;
				CLANG_WARN_DEPRECATED_OBJC_IMPLEMENTATIONS = YES;
				CLANG_WARN_DIRECT_OBJC_ISA_USAGE = YES_ERROR;
				CLANG_WARN_DOCUMENTATION_COMMENTS = YES;
				CLANG_WARN_EMPTY_BODY = YES;
				CLANG_WARN_ENUM_CONVERSION = YES;
				CLANG_WARN_INFINITE_RECURSION = YES;
				CLANG_WARN_INT_CONVERSION = YES;
				CLANG_WARN_NON_LITERAL_NULL_CONVERSION = YES;
				CLANG_WARN_OBJC_IMPLICIT_RETAIN_SELF = YES;
				CLANG_WARN_OBJC_LITERAL_CONVERSION = YES;
				CLANG_WARN_OBJC_ROOT_CLASS = YES_ERROR;
				CLANG_WARN_QUOTED_INCLUDE_IN_FRAMEWORK_HEADER = YES;
				CLANG_WARN_RANGE_LOOP_ANALYSIS = YES;
				CLANG_WARN_STRICT_PROTOTYPES = YES;
				CLANG_WARN_SUSPICIOUS_MOVE = YES;
				CLANG_WARN_UNGUARDED_AVAILABILITY = YES_AGGRESSIVE;
				CLANG_WARN_UNREACHABLE_CODE = YES;
				CLANG_WARN__DUPLICATE_METHOD_MATCH = YES;
				COPY_PHASE_STRIP = NO;
				DEBUG_INFORMATION_FORMAT = dwarf;
				ENABLE_STRICT_OBJC_MSGSEND = YES;
				ENABLE_TESTABILITY = YES;
				ENABLE_USER_SCRIPT_SANDBOXING = YES;
				GCC_C_LANGUAGE_STANDARD = gnu17;
				GCC_DYNAMIC_NO_PIC = NO;
				GCC_NO_COMMON_BLOCKS = YES;
				GCC_OPTIMIZATION_LEVEL = 0;
				GCC_PREPROCESSOR_DEFINITIONS = (
					"DEBUG=1",
					"$(inherited)",
				);
				GCC_WARN_64_TO_32_BIT_CONVERSION = YES;
				GCC_WARN_ABOUT_RETURN_TYPE = YES_ERROR;
				GCC_WARN_UNDECLARED_SELECTOR = YES;
				GCC_WARN_UNINITIALIZED_AUTOS = YES_AGGRESSIVE;
				GCC_WARN_UNUSED_FUNCTION = YES;
				GCC_WARN_UNUSED_VARIABLE = YES;
				IPHONEOS_DEPLOYMENT_TARGET = 17.5;
				LOCALIZATION_PREFERS_STRING_CATALOGS = YES;
				MTL_ENABLE_DEBUG_INFO = INCLUDE_SOURCE;
				MTL_FAST_MATH = YES;
				ONLY_ACTIVE_ARCH = YES;
				SDKROOT = iphoneos;
				SWIFT_ACTIVE_COMPILATION_CONDITIONS = "DEBUG $(inherited)";
				SWIFT_OPTIMIZATION_LEVEL = "-Onone";
			};
			name = Debug;
		};
		6381183E2C38C185007DC4DC /* Release */ = {
			isa = XCBuildConfiguration;
			buildSettings = {
				ALWAYS_SEARCH_USER_PATHS = NO;
				ASSETCATALOG_COMPILER_GENERATE_SWIFT_ASSET_SYMBOL_EXTENSIONS = YES;
				CLANG_ANALYZER_NONNULL = YES;
				CLANG_ANALYZER_NUMBER_OBJECT_CONVERSION = YES_AGGRESSIVE;
				CLANG_CXX_LANGUAGE_STANDARD = "gnu++20";
				CLANG_ENABLE_MODULES = YES;
				CLANG_ENABLE_OBJC_ARC = YES;
				CLANG_ENABLE_OBJC_WEAK = YES;
				CLANG_WARN_BLOCK_CAPTURE_AUTORELEASING = YES;
				CLANG_WARN_BOOL_CONVERSION = YES;
				CLANG_WARN_COMMA = YES;
				CLANG_WARN_CONSTANT_CONVERSION = YES;
				CLANG_WARN_DEPRECATED_OBJC_IMPLEMENTATIONS = YES;
				CLANG_WARN_DIRECT_OBJC_ISA_USAGE = YES_ERROR;
				CLANG_WARN_DOCUMENTATION_COMMENTS = YES;
				CLANG_WARN_EMPTY_BODY = YES;
				CLANG_WARN_ENUM_CONVERSION = YES;
				CLANG_WARN_INFINITE_RECURSION = YES;
				CLANG_WARN_INT_CONVERSION = YES;
				CLANG_WARN_NON_LITERAL_NULL_CONVERSION = YES;
				CLANG_WARN_OBJC_IMPLICIT_RETAIN_SELF = YES;
				CLANG_WARN_OBJC_LITERAL_CONVERSION = YES;
				CLANG_WARN_OBJC_ROOT_CLASS = YES_ERROR;
				CLANG_WARN_QUOTED_INCLUDE_IN_FRAMEWORK_HEADER = YES;
				CLANG_WARN_RANGE_LOOP_ANALYSIS = YES;
				CLANG_WARN_STRICT_PROTOTYPES = YES;
				CLANG_WARN_SUSPICIOUS_MOVE = YES;
				CLANG_WARN_UNGUARDED_AVAILABILITY = YES_AGGRESSIVE;
				CLANG_WARN_UNREACHABLE_CODE = YES;
				CLANG_WARN__DUPLICATE_METHOD_MATCH = YES;
				COPY_PHASE_STRIP = NO;
				DEBUG_INFORMATION_FORMAT = "dwarf-with-dsym";
				ENABLE_NS_ASSERTIONS = NO;
				ENABLE_STRICT_OBJC_MSGSEND = YES;
				ENABLE_USER_SCRIPT_SANDBOXING = YES;
				GCC_C_LANGUAGE_STANDARD = gnu17;
				GCC_NO_COMMON_BLOCKS = YES;
				GCC_WARN_64_TO_32_BIT_CONVERSION = YES;
				GCC_WARN_ABOUT_RETURN_TYPE = YES_ERROR;
				GCC_WARN_UNDECLARED_SELECTOR = YES;
				GCC_WARN_UNINITIALIZED_AUTOS = YES_AGGRESSIVE;
				GCC_WARN_UNUSED_FUNCTION = YES;
				GCC_WARN_UNUSED_VARIABLE = YES;
				IPHONEOS_DEPLOYMENT_TARGET = 17.5;
				LOCALIZATION_PREFERS_STRING_CATALOGS = YES;
				MTL_ENABLE_DEBUG_INFO = NO;
				MTL_FAST_MATH = YES;
				SDKROOT = iphoneos;
				SWIFT_COMPILATION_MODE = wholemodule;
				VALIDATE_PRODUCT = YES;
			};
			name = Release;
		};
		638118402C38C185007DC4DC /* Debug */ = {
			isa = XCBuildConfiguration;
			buildSettings = {
				ASSETCATALOG_COMPILER_APPICON_NAME = AppIcon;
				ASSETCATALOG_COMPILER_GLOBAL_ACCENT_COLOR_NAME = AccentColor;
				CODE_SIGN_STYLE = Automatic;
				CURRENT_PROJECT_VERSION = 1;
				DEVELOPMENT_ASSET_PATHS = "\"MemoryBox/Preview Content\"";
				DEVELOPMENT_TEAM = 97P29665X5;
				ENABLE_PREVIEWS = YES;
				GENERATE_INFOPLIST_FILE = YES;
				INFOPLIST_KEY_UIApplicationSceneManifest_Generation = YES;
				INFOPLIST_KEY_UIApplicationSupportsIndirectInputEvents = YES;
				INFOPLIST_KEY_UILaunchScreen_Generation = YES;
				INFOPLIST_KEY_UISupportedInterfaceOrientations_iPad = "UIInterfaceOrientationPortrait UIInterfaceOrientationPortraitUpsideDown UIInterfaceOrientationLandscapeLeft UIInterfaceOrientationLandscapeRight";
				INFOPLIST_KEY_UISupportedInterfaceOrientations_iPhone = "UIInterfaceOrientationPortrait UIInterfaceOrientationLandscapeLeft UIInterfaceOrientationLandscapeRight";
				LD_RUNPATH_SEARCH_PATHS = (
					"$(inherited)",
					"@executable_path/Frameworks",
				);
				MARKETING_VERSION = 1.0;
				PRODUCT_BUNDLE_IDENTIFIER = david.MemoryBox;
				PRODUCT_NAME = "$(TARGET_NAME)";
				SWIFT_EMIT_LOC_STRINGS = YES;
				SWIFT_VERSION = 5.0;
				TARGETED_DEVICE_FAMILY = "1,2";
			};
			name = Debug;
		};
		638118412C38C185007DC4DC /* Release */ = {
			isa = XCBuildConfiguration;
			buildSettings = {
				ASSETCATALOG_COMPILER_APPICON_NAME = AppIcon;
				ASSETCATALOG_COMPILER_GLOBAL_ACCENT_COLOR_NAME = AccentColor;
				CODE_SIGN_STYLE = Automatic;
				CURRENT_PROJECT_VERSION = 1;
				DEVELOPMENT_ASSET_PATHS = "\"MemoryBox/Preview Content\"";
				DEVELOPMENT_TEAM = 97P29665X5;
				ENABLE_PREVIEWS = YES;
				GENERATE_INFOPLIST_FILE = YES;
				INFOPLIST_KEY_UIApplicationSceneManifest_Generation = YES;
				INFOPLIST_KEY_UIApplicationSupportsIndirectInputEvents = YES;
				INFOPLIST_KEY_UILaunchScreen_Generation = YES;
				INFOPLIST_KEY_UISupportedInterfaceOrientations_iPad = "UIInterfaceOrientationPortrait UIInterfaceOrientationPortraitUpsideDown UIInterfaceOrientationLandscapeLeft UIInterfaceOrientationLandscapeRight";
				INFOPLIST_KEY_UISupportedInterfaceOrientations_iPhone = "UIInterfaceOrientationPortrait UIInterfaceOrientationLandscapeLeft UIInterfaceOrientationLandscapeRight";
				LD_RUNPATH_SEARCH_PATHS = (
					"$(inherited)",
					"@executable_path/Frameworks",
				);
				MARKETING_VERSION = 1.0;
				PRODUCT_BUNDLE_IDENTIFIER = david.MemoryBox;
				PRODUCT_NAME = "$(TARGET_NAME)";
				SWIFT_EMIT_LOC_STRINGS = YES;
				SWIFT_VERSION = 5.0;
				TARGETED_DEVICE_FAMILY = "1,2";
			};
			name = Release;
		};
/* End XCBuildConfiguration section */

/* Begin XCConfigurationList section */
		6381182C2C38C183007DC4DC /* Build configuration list for PBXProject "MemoryBox" */ = {
			isa = XCConfigurationList;
			buildConfigurations = (
				6381183D2C38C185007DC4DC /* Debug */,
				6381183E2C38C185007DC4DC /* Release */,
			);
			defaultConfigurationIsVisible = 0;
			defaultConfigurationName = Release;
		};
		6381183F2C38C185007DC4DC /* Build configuration list for PBXNativeTarget "MemoryBox" */ = {
			isa = XCConfigurationList;
			buildConfigurations = (
				638118402C38C185007DC4DC /* Debug */,
				638118412C38C185007DC4DC /* Release */,
			);
			defaultConfigurationIsVisible = 0;
			defaultConfigurationName = Release;
		};
/* End XCConfigurationList section */
	};
	rootObject = 638118292C38C183007DC4DC /* Project object */;
}
